
Microsoft Visual Studio Solution File, Format Version 12.00
# Visual Studio Version 17
VisualStudioVersion = 17.3.32811.315
MinimumVisualStudioVersion = 10.0.40219.1
Project("{2150E333-8FDC-42A3-9474-1A3956D46DE8}") = "6. TRANSVERSAL", "6. TRANSVERSAL", "{E0F6A60B-F7B6-4FDE-A562-870F0624E928}"
EndProject
Project("{9A19103F-16F7-4668-BE54-9A1E7A4F7556}") = "YURI.CLOUD.TRANSVERSAL.IO", "YURI.CLOUD.TRANSVERSAL.IO\YURI.CLOUD.TRANSVERSAL.IO.csproj", "{B035DE69-148B-433E-9924-08C998CC5F9A}"
EndProject
Project("{9A19103F-16F7-4668-BE54-9A1E7A4F7556}") = "YURI.CLOUD.TRANSVERSAL.IO.S3", "YURI.CLOUD.TRANSVERSAL.IO.S3\YURI.CLOUD.TRANSVERSAL.IO.S3.csproj", "{33CB6A93-B8BF-4FEF-9E9A-E1CF44F70C98}"
EndProject
Project("{2150E333-8FDC-42A3-9474-1A3956D46DE8}") = "2. REGLAS DEL NEGOCIO DE APLICACION", "2. REGLAS DEL NEGOCIO DE APLICACION", "{AF6B6A02-5D11-4B2F-9975-CD6A66580AE7}"
EndProject
Project("{9A19103F-16F7-4668-BE54-9A1E7A4F7556}") = "YURI.CLOUD.APLICACION.DTOs", "YURI.CLOUD.APLICACION.DTOs\YURI.CLOUD.APLICACION.DTOs.csproj", "{E81E40C2-ECE5-40DA-B43D-5BC427C7B917}"
EndProject
Project("{9A19103F-16F7-4668-BE54-9A1E7A4F7556}") = "YURI.CLOUD.APLICACION", "YURI.CLOUD.APLICACION\YURI.CLOUD.APLICACION.csproj", "{9A1B997E-9B1E-4406-87EC-7381CA2CDAE1}"
EndProject
Project("{9A19103F-16F7-4668-BE54-9A1E7A4F7556}") = "YURI.CLOUD.APLICACION.PUERTOS", "YURI.CLOUD.APLICACION.PUERTOS\YURI.CLOUD.APLICACION.PUERTOS.csproj", "{B192B1DB-47E8-4E21-9B9D-4DACBD2F2CA1}"
EndProject
Project("{2150E333-8FDC-42A3-9474-1A3956D46DE8}") = "3. ADAPTADORES DE INTERFACES", "3. ADAPTADORES DE INTERFACES", "{31E65B1E-F3B2-4F5B-B468-16DEAE858C10}"
EndProject
Project("{2150E333-8FDC-42A3-9474-1A3956D46DE8}") = "3.2 IoC", "3.2 IoC", "{75D5DA8D-90A5-47E6-943A-EA56272BF8E3}"
EndProject
Project("{9A19103F-16F7-4668-BE54-9A1E7A4F7556}") = "YURI.CLOUD.IoC", "YURI.CLOUD.IoC\YURI.CLOUD.IoC.csproj", "{565062B1-7783-43DF-BA84-60FB279A5CE5}"
EndProject
Project("{2150E333-8FDC-42A3-9474-1A3956D46DE8}") = "4. FRAMEWORKS Y DRIVERS", "4. FRAMEWORKS Y DRIVERS", "{603368E1-EF5E-4D48-999B-8DA6FAC70855}"
EndProject
Project("{2150E333-8FDC-42A3-9474-1A3956D46DE8}") = "4.1 UI", "4.1 UI", "{51C3678B-0DE2-4C16-8F78-6A13D55E4E97}"
EndProject
Project("{2150E333-8FDC-42A3-9474-1A3956D46DE8}") = "4.1.1 API", "4.1.1 API", "{61260687-08D5-406B-8ED2-D69487E9B4D2}"
EndProject
Project("{9A19103F-16F7-4668-BE54-9A1E7A4F7556}") = "YURI.CLOUD.ADMIN.API", "YURI.CLOUD.ADMIN.API\YURI.CLOUD.ADMIN.API.csproj", "{4761CA1E-9955-4442-B138-A576F3394110}"
EndProject
Project("{2150E333-8FDC-42A3-9474-1A3956D46DE8}") = "3.3 PRESENTADORES", "3.3 PRESENTADORES", "{3212F61E-1C38-47FC-8813-9C7EA05AA498}"
EndProject
Project("{9A19103F-16F7-4668-BE54-9A1E7A4F7556}") = "YURI.CLOUD.PRESENTADORES", "YURI.CLOUD.PRESENTADORES\YURI.CLOUD.PRESENTADORES.csproj", "{1F9C2997-F853-453C-A39B-597CCC3FA949}"
EndProject
Project("{9A19103F-16F7-4668-BE54-9A1E7A4F7556}") = "YURI.CLOUD.TRANSVERSAL.COMMON", "YURI.CLOUD.TRANSVERSAL.COMMON\YURI.CLOUD.TRANSVERSAL.COMMON.csproj", "{876D0D2E-09F1-487B-9F36-6037139B20C0}"
EndProject
Project("{2150E333-8FDC-42A3-9474-1A3956D46DE8}") = "3.4 CONTROLADORES", "3.4 CONTROLADORES", "{9D4280C2-FA7F-4C59-A5A5-1B4DB27D5F43}"
EndProject
Project("{FAE04EC0-301F-11D3-BF4B-00C04F79EFBC}") = "YURI.CLOUD.CONTROLADOR.ADMIN", "YURI.CLOUD.CONTROLADOR.ADMIN\YURI.CLOUD.CONTROLADOR.ADMIN.csproj", "{8097F6D3-79B6-4E93-A459-8255108F2FA5}"
EndProject
Project("{FAE04EC0-301F-11D3-BF4B-00C04F79EFBC}") = "YURI.CLOUD.WEBEXCEPTIONS.PRESENTADOR", "YURI.CLOUD.WEBEXCEPTIONS.PRESENTADOR\YURI.CLOUD.WEBEXCEPTIONS.PRESENTADOR.csproj", "{EE5DC79D-000E-4EEB-A557-D9CC6863EC8D}"
EndProject
Global
	GlobalSection(SolutionConfigurationPlatforms) = preSolution
		Debug|Any CPU = Debug|Any CPU
		Release|Any CPU = Release|Any CPU
	EndGlobalSection
	GlobalSection(ProjectConfigurationPlatforms) = postSolution
		{B035DE69-148B-433E-9924-08C998CC5F9A}.Debug|Any CPU.ActiveCfg = Debug|Any CPU
		{B035DE69-148B-433E-9924-08C998CC5F9A}.Debug|Any CPU.Build.0 = Debug|Any CPU
		{B035DE69-148B-433E-9924-08C998CC5F9A}.Release|Any CPU.ActiveCfg = Release|Any CPU
		{B035DE69-148B-433E-9924-08C998CC5F9A}.Release|Any CPU.Build.0 = Release|Any CPU
		{33CB6A93-B8BF-4FEF-9E9A-E1CF44F70C98}.Debug|Any CPU.ActiveCfg = Debug|Any CPU
		{33CB6A93-B8BF-4FEF-9E9A-E1CF44F70C98}.Debug|Any CPU.Build.0 = Debug|Any CPU
		{33CB6A93-B8BF-4FEF-9E9A-E1CF44F70C98}.Release|Any CPU.ActiveCfg = Release|Any CPU
		{33CB6A93-B8BF-4FEF-9E9A-E1CF44F70C98}.Release|Any CPU.Build.0 = Release|Any CPU
		{E81E40C2-ECE5-40DA-B43D-5BC427C7B917}.Debug|Any CPU.ActiveCfg = Debug|Any CPU
		{E81E40C2-ECE5-40DA-B43D-5BC427C7B917}.Debug|Any CPU.Build.0 = Debug|Any CPU
		{E81E40C2-ECE5-40DA-B43D-5BC427C7B917}.Release|Any CPU.ActiveCfg = Release|Any CPU
		{E81E40C2-ECE5-40DA-B43D-5BC427C7B917}.Release|Any CPU.Build.0 = Release|Any CPU
		{9A1B997E-9B1E-4406-87EC-7381CA2CDAE1}.Debug|Any CPU.ActiveCfg = Debug|Any CPU
		{9A1B997E-9B1E-4406-87EC-7381CA2CDAE1}.Debug|Any CPU.Build.0 = Debug|Any CPU
		{9A1B997E-9B1E-4406-87EC-7381CA2CDAE1}.Release|Any CPU.ActiveCfg = Release|Any CPU
		{9A1B997E-9B1E-4406-87EC-7381CA2CDAE1}.Release|Any CPU.Build.0 = Release|Any CPU
		{B192B1DB-47E8-4E21-9B9D-4DACBD2F2CA1}.Debug|Any CPU.ActiveCfg = Debug|Any CPU
		{B192B1DB-47E8-4E21-9B9D-4DACBD2F2CA1}.Debug|Any CPU.Build.0 = Debug|Any CPU
		{B192B1DB-47E8-4E21-9B9D-4DACBD2F2CA1}.Release|Any CPU.ActiveCfg = Release|Any CPU
		{B192B1DB-47E8-4E21-9B9D-4DACBD2F2CA1}.Release|Any CPU.Build.0 = Release|Any CPU
		{565062B1-7783-43DF-BA84-60FB279A5CE5}.Debug|Any CPU.ActiveCfg = Debug|Any CPU
		{565062B1-7783-43DF-BA84-60FB279A5CE5}.Debug|Any CPU.Build.0 = Debug|Any CPU
		{565062B1-7783-43DF-BA84-60FB279A5CE5}.Release|Any CPU.ActiveCfg = Release|Any CPU
		{565062B1-7783-43DF-BA84-60FB279A5CE5}.Release|Any CPU.Build.0 = Release|Any CPU
		{4761CA1E-9955-4442-B138-A576F3394110}.Debug|Any CPU.ActiveCfg = Debug|Any CPU
		{4761CA1E-9955-4442-B138-A576F3394110}.Debug|Any CPU.Build.0 = Debug|Any CPU
		{4761CA1E-9955-4442-B138-A576F3394110}.Release|Any CPU.ActiveCfg = Release|Any CPU
		{4761CA1E-9955-4442-B138-A576F3394110}.Release|Any CPU.Build.0 = Release|Any CPU
		{1F9C2997-F853-453C-A39B-597CCC3FA949}.Debug|Any CPU.ActiveCfg = Debug|Any CPU
		{1F9C2997-F853-453C-A39B-597CCC3FA949}.Debug|Any CPU.Build.0 = Debug|Any CPU
		{1F9C2997-F853-453C-A39B-597CCC3FA949}.Release|Any CPU.ActiveCfg = Release|Any CPU
		{1F9C2997-F853-453C-A39B-597CCC3FA949}.Release|Any CPU.Build.0 = Release|Any CPU
		{876D0D2E-09F1-487B-9F36-6037139B20C0}.Debug|Any CPU.ActiveCfg = Debug|Any CPU
		{876D0D2E-09F1-487B-9F36-6037139B20C0}.Debug|Any CPU.Build.0 = Debug|Any CPU
		{876D0D2E-09F1-487B-9F36-6037139B20C0}.Release|Any CPU.ActiveCfg = Release|Any CPU
		{876D0D2E-09F1-487B-9F36-6037139B20C0}.Release|Any CPU.Build.0 = Release|Any CPU
		{8097F6D3-79B6-4E93-A459-8255108F2FA5}.Debug|Any CPU.ActiveCfg = Debug|Any CPU
		{8097F6D3-79B6-4E93-A459-8255108F2FA5}.Debug|Any CPU.Build.0 = Debug|Any CPU
		{8097F6D3-79B6-4E93-A459-8255108F2FA5}.Release|Any CPU.ActiveCfg = Release|Any CPU
		{8097F6D3-79B6-4E93-A459-8255108F2FA5}.Release|Any CPU.Build.0 = Release|Any CPU
		{EE5DC79D-000E-4EEB-A557-D9CC6863EC8D}.Debug|Any CPU.ActiveCfg = Debug|Any CPU
		{EE5DC79D-000E-4EEB-A557-D9CC6863EC8D}.Debug|Any CPU.Build.0 = Debug|Any CPU
		{EE5DC79D-000E-4EEB-A557-D9CC6863EC8D}.Release|Any CPU.ActiveCfg = Release|Any CPU
		{EE5DC79D-000E-4EEB-A557-D9CC6863EC8D}.Release|Any CPU.Build.0 = Release|Any CPU
	EndGlobalSection
	GlobalSection(SolutionProperties) = preSolution
		HideSolutionNode = FALSE
	EndGlobalSection
	GlobalSection(NestedProjects) = preSolution
		{B035DE69-148B-433E-9924-08C998CC5F9A} = {E0F6A60B-F7B6-4FDE-A562-870F0624E928}
		{33CB6A93-B8BF-4FEF-9E9A-E1CF44F70C98} = {E0F6A60B-F7B6-4FDE-A562-870F0624E928}
		{E81E40C2-ECE5-40DA-B43D-5BC427C7B917} = {AF6B6A02-5D11-4B2F-9975-CD6A66580AE7}
		{9A1B997E-9B1E-4406-87EC-7381CA2CDAE1} = {AF6B6A02-5D11-4B2F-9975-CD6A66580AE7}
		{B192B1DB-47E8-4E21-9B9D-4DACBD2F2CA1} = {AF6B6A02-5D11-4B2F-9975-CD6A66580AE7}
		{75D5DA8D-90A5-47E6-943A-EA56272BF8E3} = {31E65B1E-F3B2-4F5B-B468-16DEAE858C10}
		{565062B1-7783-43DF-BA84-60FB279A5CE5} = {75D5DA8D-90A5-47E6-943A-EA56272BF8E3}
		{51C3678B-0DE2-4C16-8F78-6A13D55E4E97} = {603368E1-EF5E-4D48-999B-8DA6FAC70855}
		{61260687-08D5-406B-8ED2-D69487E9B4D2} = {51C3678B-0DE2-4C16-8F78-6A13D55E4E97}
		{4761CA1E-9955-4442-B138-A576F3394110} = {61260687-08D5-406B-8ED2-D69487E9B4D2}
		{3212F61E-1C38-47FC-8813-9C7EA05AA498} = {31E65B1E-F3B2-4F5B-B468-16DEAE858C10}
		{1F9C2997-F853-453C-A39B-597CCC3FA949} = {3212F61E-1C38-47FC-8813-9C7EA05AA498}
		{876D0D2E-09F1-487B-9F36-6037139B20C0} = {E0F6A60B-F7B6-4FDE-A562-870F0624E928}
		{9D4280C2-FA7F-4C59-A5A5-1B4DB27D5F43} = {31E65B1E-F3B2-4F5B-B468-16DEAE858C10}
		{8097F6D3-79B6-4E93-A459-8255108F2FA5} = {9D4280C2-FA7F-4C59-A5A5-1B4DB27D5F43}
		{EE5DC79D-000E-4EEB-A557-D9CC6863EC8D} = {3212F61E-1C38-47FC-8813-9C7EA05AA498}
	EndGlobalSection
	GlobalSection(ExtensibilityGlobals) = postSolution
		SolutionGuid = {7DDB300D-AB08-4123-8E4C-EB74EB35454A}
	EndGlobalSection
EndGlobal
