
Microsoft Visual Studio Solution File, Format Version 12.00
# Visual Studio Version 17
VisualStudioVersion = 17.3.32811.315
MinimumVisualStudioVersion = 10.0.40219.1
Project("{2150E333-8FDC-42A3-9474-1A3956D46DE8}") = "6. TRANSVERSAL", "6. TRANSVERSAL", "{E0F6A60B-F7B6-4FDE-A562-870F0624E928}"
EndProject
Project("{FAE04EC0-301F-11D3-BF4B-00C04F79EFBC}") = "YURI.CLOUD.TRANSVERSAL.IO", "YURI.CLOUD.TRANSVERSAL.IO\YURI.CLOUD.TRANSVERSAL.IO.csproj", "{B035DE69-148B-433E-9924-08C998CC5F9A}"
EndProject
Project("{FAE04EC0-301F-11D3-BF4B-00C04F79EFBC}") = "YURI.CLOUD.TRANSVERSAL.IO.S3", "YURI.CLOUD.TRANSVERSAL.IO.S3\YURI.CLOUD.TRANSVERSAL.IO.S3.csproj", "{33CB6A93-B8BF-4FEF-9E9A-E1CF44F70C98}"
EndProject
Project("{2150E333-8FDC-42A3-9474-1A3956D46DE8}") = "2. REGLAS DEL NEGOCIO DE APLICACION", "2. REGLAS DEL NEGOCIO DE APLICACION", "{AF6B6A02-5D11-4B2F-9975-CD6A66580AE7}"
EndProject
Project("{FAE04EC0-301F-11D3-BF4B-00C04F79EFBC}") = "YURI.CLOUD.APLICACION.DTOs", "YURI.CLOUD.APLICACION.DTOs\YURI.CLOUD.APLICACION.DTOs.csproj", "{E81E40C2-ECE5-40DA-B43D-5BC427C7B917}"
EndProject
Project("{FAE04EC0-301F-11D3-BF4B-00C04F79EFBC}") = "YURI.CLOUD.APLICACION", "YURI.CLOUD.APLICACION\YURI.CLOUD.APLICACION.csproj", "{9A1B997E-9B1E-4406-87EC-7381CA2CDAE1}"
EndProject
Project("{FAE04EC0-301F-11D3-BF4B-00C04F79EFBC}") = "YURI.CLOUD.APLICACION.PUERTOS", "YURI.CLOUD.APLICACION.PUERTOS\YURI.CLOUD.APLICACION.PUERTOS.csproj", "{B192B1DB-47E8-4E21-9B9D-4DACBD2F2CA1}"
EndProject
Global
	GlobalSection(SolutionConfigurationPlatforms) = preSolution
		Debug|Any CPU = Debug|Any CPU
		Release|Any CPU = Release|Any CPU
	EndGlobalSection
	GlobalSection(ProjectConfigurationPlatforms) = postSolution
		{B035DE69-148B-433E-9924-08C998CC5F9A}.Debug|Any CPU.ActiveCfg = Debug|Any CPU
		{B035DE69-148B-433E-9924-08C998CC5F9A}.Debug|Any CPU.Build.0 = Debug|Any CPU
		{B035DE69-148B-433E-9924-08C998CC5F9A}.Release|Any CPU.ActiveCfg = Release|Any CPU
		{B035DE69-148B-433E-9924-08C998CC5F9A}.Release|Any CPU.Build.0 = Release|Any CPU
		{33CB6A93-B8BF-4FEF-9E9A-E1CF44F70C98}.Debug|Any CPU.ActiveCfg = Debug|Any CPU
		{33CB6A93-B8BF-4FEF-9E9A-E1CF44F70C98}.Debug|Any CPU.Build.0 = Debug|Any CPU
		{33CB6A93-B8BF-4FEF-9E9A-E1CF44F70C98}.Release|Any CPU.ActiveCfg = Release|Any CPU
		{33CB6A93-B8BF-4FEF-9E9A-E1CF44F70C98}.Release|Any CPU.Build.0 = Release|Any CPU
		{E81E40C2-ECE5-40DA-B43D-5BC427C7B917}.Debug|Any CPU.ActiveCfg = Debug|Any CPU
		{E81E40C2-ECE5-40DA-B43D-5BC427C7B917}.Debug|Any CPU.Build.0 = Debug|Any CPU
		{E81E40C2-ECE5-40DA-B43D-5BC427C7B917}.Release|Any CPU.ActiveCfg = Release|Any CPU
		{E81E40C2-ECE5-40DA-B43D-5BC427C7B917}.Release|Any CPU.Build.0 = Release|Any CPU
		{9A1B997E-9B1E-4406-87EC-7381CA2CDAE1}.Debug|Any CPU.ActiveCfg = Debug|Any CPU
		{9A1B997E-9B1E-4406-87EC-7381CA2CDAE1}.Debug|Any CPU.Build.0 = Debug|Any CPU
		{9A1B997E-9B1E-4406-87EC-7381CA2CDAE1}.Release|Any CPU.ActiveCfg = Release|Any CPU
		{9A1B997E-9B1E-4406-87EC-7381CA2CDAE1}.Release|Any CPU.Build.0 = Release|Any CPU
		{B192B1DB-47E8-4E21-9B9D-4DACBD2F2CA1}.Debug|Any CPU.ActiveCfg = Debug|Any CPU
		{B192B1DB-47E8-4E21-9B9D-4DACBD2F2CA1}.Debug|Any CPU.Build.0 = Debug|Any CPU
		{B192B1DB-47E8-4E21-9B9D-4DACBD2F2CA1}.Release|Any CPU.ActiveCfg = Release|Any CPU
		{B192B1DB-47E8-4E21-9B9D-4DACBD2F2CA1}.Release|Any CPU.Build.0 = Release|Any CPU
	EndGlobalSection
	GlobalSection(SolutionProperties) = preSolution
		HideSolutionNode = FALSE
	EndGlobalSection
	GlobalSection(NestedProjects) = preSolution
		{B035DE69-148B-433E-9924-08C998CC5F9A} = {E0F6A60B-F7B6-4FDE-A562-870F0624E928}
		{33CB6A93-B8BF-4FEF-9E9A-E1CF44F70C98} = {E0F6A60B-F7B6-4FDE-A562-870F0624E928}
		{E81E40C2-ECE5-40DA-B43D-5BC427C7B917} = {AF6B6A02-5D11-4B2F-9975-CD6A66580AE7}
		{9A1B997E-9B1E-4406-87EC-7381CA2CDAE1} = {AF6B6A02-5D11-4B2F-9975-CD6A66580AE7}
		{B192B1DB-47E8-4E21-9B9D-4DACBD2F2CA1} = {AF6B6A02-5D11-4B2F-9975-CD6A66580AE7}
	EndGlobalSection
	GlobalSection(ExtensibilityGlobals) = postSolution
		SolutionGuid = {7DDB300D-AB08-4123-8E4C-EB74EB35454A}
	EndGlobalSection
EndGlobal
